
Microsoft Visual Studio Solution File, Format Version 12.00
# Visual Studio Version 16
VisualStudioVersion = 16.0.30907.101
MinimumVisualStudioVersion = 10.0.40219.1
Project("{FAE04EC0-301F-11D3-BF4B-00C04F79EFBC}") = "TomaszGrochowskiZadanieDomowe6", "TomaszGrochowskiZadanieDomowe6.csproj", "{6E8B367B-62BF-40CA-9E84-99E3AABE8427}"
EndProject
Global
	GlobalSection(SolutionConfigurationPlatforms) = preSolution
		Debug|Any CPU = Debug|Any CPU
		Release|Any CPU = Release|Any CPU
	EndGlobalSection
	GlobalSection(ProjectConfigurationPlatforms) = postSolution
		{6E8B367B-62BF-40CA-9E84-99E3AABE8427}.Debug|Any CPU.ActiveCfg = Debug|Any CPU
		{6E8B367B-62BF-40CA-9E84-99E3AABE8427}.Debug|Any CPU.Build.0 = Debug|Any CPU
		{6E8B367B-62BF-40CA-9E84-99E3AABE8427}.Release|Any CPU.ActiveCfg = Release|Any CPU
		{6E8B367B-62BF-40CA-9E84-99E3AABE8427}.Release|Any CPU.Build.0 = Release|Any CPU
	EndGlobalSection
	GlobalSection(SolutionProperties) = preSolution
		HideSolutionNode = FALSE
	EndGlobalSection
	GlobalSection(ExtensibilityGlobals) = postSolution
		SolutionGuid = {795C33AF-EB77-4A81-8ABC-535E922F1D78}
	EndGlobalSection
EndGlobal
